
Microsoft Visual Studio Solution File, Format Version 12.00
# Visual Studio 15
VisualStudioVersion = 15.0.27004.2010
MinimumVisualStudioVersion = 10.0.40219.1
Project("{9A19103F-16F7-4668-BE54-9A1E7A4F7556}") = "Api", "Api\Api.csproj", "{2589E397-F574-4017-80E6-3C6DB64F1D94}"
EndProject
Project("{9A19103F-16F7-4668-BE54-9A1E7A4F7556}") = "Domain", "Domain\Domain.csproj", "{DC388A13-9466-4EA9-B7EE-C4A2DDB48063}"
EndProject
Project("{9A19103F-16F7-4668-BE54-9A1E7A4F7556}") = "Tests", "Tests\Tests.csproj", "{BD7EDEF8-A05A-4488-BF65-08544E770E81}"
EndProject
Project("{FAE04EC0-301F-11D3-BF4B-00C04F79EFBC}") = "IoC", "IoC\IoC.csproj", "{D72C9B7D-FC50-4712-A918-5BABFCBC25C8}"
EndProject
Global
	GlobalSection(SolutionConfigurationPlatforms) = preSolution
		Debug|Any CPU = Debug|Any CPU
		Release|Any CPU = Release|Any CPU
	EndGlobalSection
	GlobalSection(ProjectConfigurationPlatforms) = postSolution
		{2589E397-F574-4017-80E6-3C6DB64F1D94}.Debug|Any CPU.ActiveCfg = Debug|Any CPU
		{2589E397-F574-4017-80E6-3C6DB64F1D94}.Debug|Any CPU.Build.0 = Debug|Any CPU
		{2589E397-F574-4017-80E6-3C6DB64F1D94}.Release|Any CPU.ActiveCfg = Release|Any CPU
		{2589E397-F574-4017-80E6-3C6DB64F1D94}.Release|Any CPU.Build.0 = Release|Any CPU
		{DC388A13-9466-4EA9-B7EE-C4A2DDB48063}.Debug|Any CPU.ActiveCfg = Debug|Any CPU
		{DC388A13-9466-4EA9-B7EE-C4A2DDB48063}.Debug|Any CPU.Build.0 = Debug|Any CPU
		{DC388A13-9466-4EA9-B7EE-C4A2DDB48063}.Release|Any CPU.ActiveCfg = Release|Any CPU
		{DC388A13-9466-4EA9-B7EE-C4A2DDB48063}.Release|Any CPU.Build.0 = Release|Any CPU
		{BD7EDEF8-A05A-4488-BF65-08544E770E81}.Debug|Any CPU.ActiveCfg = Debug|Any CPU
		{BD7EDEF8-A05A-4488-BF65-08544E770E81}.Debug|Any CPU.Build.0 = Debug|Any CPU
		{BD7EDEF8-A05A-4488-BF65-08544E770E81}.Release|Any CPU.ActiveCfg = Release|Any CPU
		{BD7EDEF8-A05A-4488-BF65-08544E770E81}.Release|Any CPU.Build.0 = Release|Any CPU
		{D72C9B7D-FC50-4712-A918-5BABFCBC25C8}.Debug|Any CPU.ActiveCfg = Debug|Any CPU
		{D72C9B7D-FC50-4712-A918-5BABFCBC25C8}.Debug|Any CPU.Build.0 = Debug|Any CPU
		{D72C9B7D-FC50-4712-A918-5BABFCBC25C8}.Release|Any CPU.ActiveCfg = Release|Any CPU
		{D72C9B7D-FC50-4712-A918-5BABFCBC25C8}.Release|Any CPU.Build.0 = Release|Any CPU
	EndGlobalSection
	GlobalSection(SolutionProperties) = preSolution
		HideSolutionNode = FALSE
	EndGlobalSection
	GlobalSection(ExtensibilityGlobals) = postSolution
		SolutionGuid = {172F54BA-B40D-4A97-BC21-C8C49A3B83F3}
	EndGlobalSection
EndGlobal
